{
  "version": 1,
  "dependencies": {
    "net8.0": {
      "Microsoft.Data.Sqlite": {
        "type": "Direct",
        "requested": "[8.0.29, 8.0.29]",
        "resolved": "8.0.29",
        "contentHash": "UT01MJBITsT5CFLK9bhYWjz847BHlC2em7nhBNCCSYsI72mIzrXHfrQT8R+huQKJGZo94/a9GWGzKPn7mmlMyw==",
        "dependencies": {
          "Microsoft.Data.Sqlite.Core": "8.0.29",
          "SQLitePCLRaw.bundle_e_sqlite3": "2.1.6"
        }
      },
      "SQLitePCLRaw.bundle_e_sqlite3": {
        "type": "Direct",
        "requested": "[2.1.13, 2.1.13]",
        "resolved": "2.1.13",
        "contentHash": "NlDixlC7uHmo+ojXRgkNvN0tQtVGpLDZ3x2OpgNj+G07VHh5cXSszFDrAiC4BpUiPwkcaeuQkMV9WQ123xVtmQ==",
        "dependencies": {
          "SQLitePCLRaw.lib.e_sqlite3": "2.1.13",
          "SQLitePCLRaw.provider.e_sqlite3": "2.1.13"
        }
      },
      "Microsoft.Data.Sqlite.Core": {
        "type": "Transitive",
        "resolved": "8.0.29",
        "contentHash": "B/7Z0la03kNVdmZtgSN/PocA2nsPiVUq56iCh25oW8W31Yzg1ofrMWy79i0DcDOXuHjy7+jlsUlSNytwe9Et5A==",
        "dependencies": {
          "SQLitePCLRaw.core": "2.1.6"
        }
      },
      "SQLitePCLRaw.core": {
        "type": "Transitive",
        "resolved": "2.1.13",
        "contentHash": "2joofoinuHBFs0nMX3nKuXgxpXryRkCOdM2Ua6HBqQLLy6IW+5f28ZI+HAvMyF8vG7XfNz/lwfBfE6V4juru8Q==",
        "dependencies": {
          "System.Memory": "4.5.3"
        }
      },
      "SQLitePCLRaw.lib.e_sqlite3": {
        "type": "Transitive",
        "resolved": "2.1.13",
        "contentHash": "D2UAuiGxFYBqeRXjjjGgvJ5UQifzn6wefmSqeKU7XcNGKLbJRP6X7kcPZ6opOBJGdCIlgbSxTvDpBbLvsN594A=="
      },
      "SQLitePCLRaw.provider.e_sqlite3": {
        "type": "Transitive",
        "resolved": "2.1.13",
        "contentHash": "ZU60dSqoSNRe49KcQDUmOVgdRtjITOssVXFtiISs+zJXDI4D2Sndwpn2NOtzDQNPu0ZAvpoLPQ+GLKv6iEZn8Q==",
        "dependencies": {
          "SQLitePCLRaw.core": "2.1.13"
        }
      },
      "System.Memory": {
        "type": "Transitive",
        "resolved": "4.5.3",
        "contentHash": "3oDzvc/zzetpTKWMShs1AADwZjQ/36HnsufHRPcOjyRAAMLDlu2iD33MBI2opxnezcVUtXyqDXXjoFMOU9c7SA=="
      },
      "lightflow.actions": {
        "type": "Project"
      },
      "lightflow.application": {
        "type": "Project",
        "dependencies": {
          "Lightflow.Actions": "[1.0.0, )",
          "Lightflow.Domain": "[1.0.0, )"
        }
      },
      "lightflow.domain": {
        "type": "Project"
      }
    }
  }
}