{
  "version": 1,
  "dependencies": {
    "net8.0": {
      "lightflow.actions": {
        "type": "Project"
      },
      "lightflow.application": {
        "type": "Project",
        "dependencies": {
          "Lightflow.Actions": "[1.0.0, )",
          "Lightflow.Domain": "[1.0.0, )"
        }
      },
      "lightflow.domain": {
        "type": "Project"
      }
    }
  }
}